// !$*UTF8*$!
{
	archiveVersion = 1;
	classes = {
	};
	objectVersion = 56;
	objects = {

/* Begin PBXBuildFile section */
		A10000000000000100000001 /* StudioExampleApp.swift in Sources */ = {isa = PBXBuildFile; fileRef = A10000000000000100000011 /* StudioExampleApp.swift */; };
		A10000000000000100000002 /* LivoStudioKit in Frameworks */ = {isa = PBXBuildFile; productRef = A10000000000000100000021 /* LivoStudioKit */; };
/* End PBXBuildFile section */

/* Begin PBXFileReference section */
		A10000000000000100000010 /* StudioExample.app */ = {isa = PBXFileReference; explicitFileType = wrapper.application; includeInIndex = 0; path = StudioExample.app; sourceTree = BUILT_PRODUCTS_DIR; };
		A10000000000000100000011 /* StudioExampleApp.swift */ = {isa = PBXFileReference; lastKnownFileType = sourcecode.swift; path = StudioExampleApp.swift; sourceTree = "<group>"; };
		A10000000000000100000012 /* Info.plist */ = {isa = PBXFileReference; lastKnownFileType = text.plist.xml; path = Info.plist; sourceTree = "<group>"; };
/* End PBXFileReference section */

/* Begin PBXFrameworksBuildPhase section */
		A10000000000000100000030 /* Frameworks */ = {
			isa = PBXFrameworksBuildPhase;
			buildActionMask = 2147483647;
			files = (
				A10000000000000100000002 /* LivoStudioKit in Frameworks */,
			);
			runOnlyForDeploymentPostprocessing = 0;
		};
/* End PBXFrameworksBuildPhase section */

/* Begin PBXGroup section */
		A10000000000000100000040 = {
			isa = PBXGroup;
			children = (
				A10000000000000100000041 /* StudioExample */,
				A10000000000000100000042 /* Products */,
			);
			sourceTree = "<group>";
		};
		A10000000000000100000041 /* StudioExample */ = {
			isa = PBXGroup;
			children = (
				A10000000000000100000011 /* StudioExampleApp.swift */,
				A10000000000000100000012 /* Info.plist */,
			);
			path = StudioExample;
			sourceTree = "<group>";
		};
		A10000000000000100000042 /* Products */ = {
			isa = PBXGroup;
			children = (
				A10000000000000100000010 /* StudioExample.app */,
			);
			name = Products;
			sourceTree = "<group>";
		};
/* End PBXGroup section */

/* Begin PBXNativeTarget section */
		A10000000000000100000050 /* StudioExample */ = {
			isa = PBXNativeTarget;
			buildConfigurationList = A10000000000000100000070 /* Build configuration list for PBXNativeTarget "StudioExample" */;
			buildPhases = (
				A10000000000000100000051 /* Sources */,
				A10000000000000100000030 /* Frameworks */,
			);
			buildRules = (
			);
			dependencies = (
			);
			name = StudioExample;
			packageProductDependencies = (
				A10000000000000100000021 /* LivoStudioKit */,
			);
			productName = StudioExample;
			productReference = A10000000000000100000010 /* StudioExample.app */;
			productType = "com.apple.product-type.application";
		};
/* End PBXNativeTarget section */

/* Begin PBXProject section */
		A10000000000000100000060 /* Project object */ = {
			isa = PBXProject;
			attributes = {
				BuildIndependentTargetsInParallel = 1;
				LastSwiftUpdateCheck = 1600;
				LastUpgradeCheck = 1600;
			};
			buildConfigurationList = A10000000000000100000071 /* Build configuration list for PBXProject "StudioExample" */;
			compatibilityVersion = "Xcode 14.0";
			developmentRegion = en;
			hasScannedForEncodings = 0;
			knownRegions = (
				en,
				Base,
			);
			mainGroup = A10000000000000100000040;
			packageReferences = (
				A10000000000000100000022 /* XCLocalSwiftPackageReference "../.." */,
			);
			productRefGroup = A10000000000000100000042 /* Products */;
			projectDirPath = "";
			projectRoot = "";
			targets = (
				A10000000000000100000050 /* StudioExample */,
			);
		};
/* End PBXProject section */

/* Begin PBXSourcesBuildPhase section */
		A10000000000000100000051 /* Sources */ = {
			isa = PBXSourcesBuildPhase;
			buildActionMask = 2147483647;
			files = (
				A10000000000000100000001 /* StudioExampleApp.swift in Sources */,
			);
			runOnlyForDeploymentPostprocessing = 0;
		};
/* End PBXSourcesBuildPhase section */

/* Begin XCBuildConfiguration section */
		A10000000000000100000080 /* Debug */ = {
			isa = XCBuildConfiguration;
			buildSettings = {
				ALWAYS_SEARCH_USER_PATHS = NO;
				CLANG_ENABLE_MODULES = YES;
				CLANG_ENABLE_OBJC_ARC = YES;
				COPY_PHASE_STRIP = NO;
				DEBUG_INFORMATION_FORMAT = dwarf;
				ENABLE_TESTABILITY = YES;
				IPHONEOS_DEPLOYMENT_TARGET = 17.0;
				MTL_ENABLE_DEBUG_INFO = INCLUDE_SOURCE;
				ONLY_ACTIVE_ARCH = YES;
				SDKROOT = iphoneos;
				SWIFT_ACTIVE_COMPILATION_CONDITIONS = DEBUG;
				SWIFT_OPTIMIZATION_LEVEL = "-Onone";
			};
			name = Debug;
		};
		A10000000000000100000081 /* Release */ = {
			isa = XCBuildConfiguration;
			buildSettings = {
				ALWAYS_SEARCH_USER_PATHS = NO;
				CLANG_ENABLE_MODULES = YES;
				CLANG_ENABLE_OBJC_ARC = YES;
				COPY_PHASE_STRIP = NO;
				DEBUG_INFORMATION_FORMAT = "dwarf-with-dsym";
				IPHONEOS_DEPLOYMENT_TARGET = 17.0;
				SDKROOT = iphoneos;
				SWIFT_COMPILATION_MODE = wholemodule;
				VALIDATE_PRODUCT = YES;
			};
			name = Release;
		};
		A10000000000000100000082 /* Debug */ = {
			isa = XCBuildConfiguration;
			buildSettings = {
				ASSETCATALOG_COMPILER_APPICON_NAME = AppIcon;
				CODE_SIGN_STYLE = Automatic;
				CURRENT_PROJECT_VERSION = 1;
				GENERATE_INFOPLIST_FILE = YES;
				INFOPLIST_FILE = StudioExample/Info.plist;
				INFOPLIST_KEY_UIApplicationSupportsIndirectInputEvents = YES;
				INFOPLIST_KEY_UILaunchScreen_Generation = YES;
				LD_RUNPATH_SEARCH_PATHS = (
					"$(inherited)",
					"@executable_path/Frameworks",
				);
				MARKETING_VERSION = 1.0;
				PRODUCT_BUNDLE_IDENTIFIER = tv.livo.studio.example;
				PRODUCT_NAME = "$(TARGET_NAME)";
				SWIFT_EMIT_LOC_STRINGS = YES;
				SWIFT_VERSION = 5.0;
				TARGETED_DEVICE_FAMILY = "1,2";
			};
			name = Debug;
		};
		A10000000000000100000083 /* Release */ = {
			isa = XCBuildConfiguration;
			buildSettings = {
				ASSETCATALOG_COMPILER_APPICON_NAME = AppIcon;
				CODE_SIGN_STYLE = Automatic;
				CURRENT_PROJECT_VERSION = 1;
				GENERATE_INFOPLIST_FILE = YES;
				INFOPLIST_FILE = StudioExample/Info.plist;
				INFOPLIST_KEY_UIApplicationSupportsIndirectInputEvents = YES;
				INFOPLIST_KEY_UILaunchScreen_Generation = YES;
				LD_RUNPATH_SEARCH_PATHS = (
					"$(inherited)",
					"@executable_path/Frameworks",
				);
				MARKETING_VERSION = 1.0;
				PRODUCT_BUNDLE_IDENTIFIER = tv.livo.studio.example;
				PRODUCT_NAME = "$(TARGET_NAME)";
				SWIFT_EMIT_LOC_STRINGS = YES;
				SWIFT_VERSION = 5.0;
				TARGETED_DEVICE_FAMILY = "1,2";
			};
			name = Release;
		};
/* End XCBuildConfiguration section */

/* Begin XCConfigurationList section */
		A10000000000000100000070 /* Build configuration list for PBXNativeTarget "StudioExample" */ = {
			isa = XCConfigurationList;
			buildConfigurations = (
				A10000000000000100000082 /* Debug */,
				A10000000000000100000083 /* Release */,
			);
			defaultConfigurationIsVisible = 0;
			defaultConfigurationName = Release;
		};
		A10000000000000100000071 /* Build configuration list for PBXProject "StudioExample" */ = {
			isa = XCConfigurationList;
			buildConfigurations = (
				A10000000000000100000080 /* Debug */,
				A10000000000000100000081 /* Release */,
			);
			defaultConfigurationIsVisible = 0;
			defaultConfigurationName = Release;
		};
/* End XCConfigurationList section */

/* Begin XCLocalSwiftPackageReference section */
		A10000000000000100000022 /* XCLocalSwiftPackageReference "../.." */ = {
			isa = XCLocalSwiftPackageReference;
			relativePath = ../..;
		};
/* End XCLocalSwiftPackageReference section */

/* Begin XCSwiftPackageProductDependency section */
		A10000000000000100000021 /* LivoStudioKit */ = {
			isa = XCSwiftPackageProductDependency;
			package = A10000000000000100000022 /* XCLocalSwiftPackageReference "../.." */;
			productName = LivoStudioKit;
		};
/* End XCSwiftPackageProductDependency section */
	};
	rootObject = A10000000000000100000060 /* Project object */;
}
